
Microsoft Visual Studio Solution File, Format Version 12.00
# Visual Studio Version 16
VisualStudioVersion = 16.0.29519.87
MinimumVisualStudioVersion = 10.0.40219.1
Project("{FAE04EC0-301F-11D3-BF4B-00C04F79EFBC}") = "Test", "Test\Test.csproj", "{8C039460-301C-4B78-BFAB-3E043E99E0B1}"
EndProject
Global
	GlobalSection(SolutionConfigurationPlatforms) = preSolution
		Debug|Any CPU = Debug|Any CPU
		Release|Any CPU = Release|Any CPU
	EndGlobalSection
	GlobalSection(ProjectConfigurationPlatforms) = postSolution
		{8C039460-301C-4B78-BFAB-3E043E99E0B1}.Debug|Any CPU.ActiveCfg = Debug|Any CPU
		{8C039460-301C-4B78-BFAB-3E043E99E0B1}.Debug|Any CPU.Build.0 = Debug|Any CPU
		{8C039460-301C-4B78-BFAB-3E043E99E0B1}.Release|Any CPU.ActiveCfg = Release|Any CPU
		{8C039460-301C-4B78-BFAB-3E043E99E0B1}.Release|Any CPU.Build.0 = Release|Any CPU
	EndGlobalSection
	GlobalSection(SolutionProperties) = preSolution
		HideSolutionNode = FALSE
	EndGlobalSection
	GlobalSection(ExtensibilityGlobals) = postSolution
		SolutionGuid = {59073EE1-7246-48DC-B152-853F0428CB06}
	EndGlobalSection
EndGlobal
