
Microsoft Visual Studio Solution File, Format Version 12.00
# Visual Studio Version 16
VisualStudioVersion = 16.0.29418.71
MinimumVisualStudioVersion = 10.0.40219.1
Project("{FAE04EC0-301F-11D3-BF4B-00C04F79EFBC}") = "Student Studies", "Student Studies\Student Studies.csproj", "{DA7B03C0-BB01-4EAC-A585-59F892430791}"
EndProject
Global
	GlobalSection(SolutionConfigurationPlatforms) = preSolution
		Debug|Any CPU = Debug|Any CPU
		Release|Any CPU = Release|Any CPU
	EndGlobalSection
	GlobalSection(ProjectConfigurationPlatforms) = postSolution
		{DA7B03C0-BB01-4EAC-A585-59F892430791}.Debug|Any CPU.ActiveCfg = Debug|Any CPU
		{DA7B03C0-BB01-4EAC-A585-59F892430791}.Debug|Any CPU.Build.0 = Debug|Any CPU
		{DA7B03C0-BB01-4EAC-A585-59F892430791}.Release|Any CPU.ActiveCfg = Release|Any CPU
		{DA7B03C0-BB01-4EAC-A585-59F892430791}.Release|Any CPU.Build.0 = Release|Any CPU
	EndGlobalSection
	GlobalSection(SolutionProperties) = preSolution
		HideSolutionNode = FALSE
	EndGlobalSection
	GlobalSection(ExtensibilityGlobals) = postSolution
		SolutionGuid = {C86650EF-D028-4ACF-BCB4-BBCC145433C5}
	EndGlobalSection
EndGlobal
