
Microsoft Visual Studio Solution File, Format Version 12.00
# Visual Studio Version 16
VisualStudioVersion = 16.0.29519.181
MinimumVisualStudioVersion = 10.0.40219.1
Project("{FAE04EC0-301F-11D3-BF4B-00C04F79EFBC}") = "Exam", "Exam\Exam.csproj", "{610391B1-7CA6-460B-AC8C-CA40A190016C}"
EndProject
Global
	GlobalSection(SolutionConfigurationPlatforms) = preSolution
		Debug|Any CPU = Debug|Any CPU
		Release|Any CPU = Release|Any CPU
	EndGlobalSection
	GlobalSection(ProjectConfigurationPlatforms) = postSolution
		{610391B1-7CA6-460B-AC8C-CA40A190016C}.Debug|Any CPU.ActiveCfg = Debug|Any CPU
		{610391B1-7CA6-460B-AC8C-CA40A190016C}.Debug|Any CPU.Build.0 = Debug|Any CPU
		{610391B1-7CA6-460B-AC8C-CA40A190016C}.Release|Any CPU.ActiveCfg = Release|Any CPU
		{610391B1-7CA6-460B-AC8C-CA40A190016C}.Release|Any CPU.Build.0 = Release|Any CPU
	EndGlobalSection
	GlobalSection(SolutionProperties) = preSolution
		HideSolutionNode = FALSE
	EndGlobalSection
	GlobalSection(ExtensibilityGlobals) = postSolution
		SolutionGuid = {29FD5057-7C58-404F-925D-7C66E76AD5B1}
	EndGlobalSection
EndGlobal
