
Microsoft Visual Studio Solution File, Format Version 12.00
# Visual Studio Version 16
VisualStudioVersion = 16.0.29418.71
MinimumVisualStudioVersion = 10.0.40219.1
Project("{FAE04EC0-301F-11D3-BF4B-00C04F79EFBC}") = "For Crops Buying", "For Crops Buying\For Crops Buying.csproj", "{A91DB0FD-FEC7-461F-B785-EF6728DDD555}"
EndProject
Global
	GlobalSection(SolutionConfigurationPlatforms) = preSolution
		Debug|Any CPU = Debug|Any CPU
		Release|Any CPU = Release|Any CPU
	EndGlobalSection
	GlobalSection(ProjectConfigurationPlatforms) = postSolution
		{A91DB0FD-FEC7-461F-B785-EF6728DDD555}.Debug|Any CPU.ActiveCfg = Debug|Any CPU
		{A91DB0FD-FEC7-461F-B785-EF6728DDD555}.Debug|Any CPU.Build.0 = Debug|Any CPU
		{A91DB0FD-FEC7-461F-B785-EF6728DDD555}.Release|Any CPU.ActiveCfg = Release|Any CPU
		{A91DB0FD-FEC7-461F-B785-EF6728DDD555}.Release|Any CPU.Build.0 = Release|Any CPU
	EndGlobalSection
	GlobalSection(SolutionProperties) = preSolution
		HideSolutionNode = FALSE
	EndGlobalSection
	GlobalSection(ExtensibilityGlobals) = postSolution
		SolutionGuid = {95A8525D-4066-4782-B697-17955270DE00}
	EndGlobalSection
EndGlobal
