
Microsoft Visual Studio Solution File, Format Version 12.00
# Visual Studio Version 16
VisualStudioVersion = 16.0.29519.181
MinimumVisualStudioVersion = 10.0.40219.1
Project("{FAE04EC0-301F-11D3-BF4B-00C04F79EFBC}") = "Inheritance", "Inheritance\Inheritance.csproj", "{467FDB2D-9531-462C-B979-2D3385F0ED0B}"
EndProject
Global
	GlobalSection(SolutionConfigurationPlatforms) = preSolution
		Debug|Any CPU = Debug|Any CPU
		Release|Any CPU = Release|Any CPU
	EndGlobalSection
	GlobalSection(ProjectConfigurationPlatforms) = postSolution
		{467FDB2D-9531-462C-B979-2D3385F0ED0B}.Debug|Any CPU.ActiveCfg = Debug|Any CPU
		{467FDB2D-9531-462C-B979-2D3385F0ED0B}.Debug|Any CPU.Build.0 = Debug|Any CPU
		{467FDB2D-9531-462C-B979-2D3385F0ED0B}.Release|Any CPU.ActiveCfg = Release|Any CPU
		{467FDB2D-9531-462C-B979-2D3385F0ED0B}.Release|Any CPU.Build.0 = Release|Any CPU
	EndGlobalSection
	GlobalSection(SolutionProperties) = preSolution
		HideSolutionNode = FALSE
	EndGlobalSection
	GlobalSection(ExtensibilityGlobals) = postSolution
		SolutionGuid = {08E9A221-EAAB-49CF-B14B-72261B721B05}
	EndGlobalSection
EndGlobal
