
Microsoft Visual Studio Solution File, Format Version 12.00
# Visual Studio Version 16
VisualStudioVersion = 16.0.29519.181
MinimumVisualStudioVersion = 10.0.40219.1
Project("{FAE04EC0-301F-11D3-BF4B-00C04F79EFBC}") = "Exam v2.0", "Exam v2.0\Exam v2.0.csproj", "{0A4B6F82-8B36-4E31-8EE3-C76AF054FE27}"
EndProject
Global
	GlobalSection(SolutionConfigurationPlatforms) = preSolution
		Debug|Any CPU = Debug|Any CPU
		Release|Any CPU = Release|Any CPU
	EndGlobalSection
	GlobalSection(ProjectConfigurationPlatforms) = postSolution
		{0A4B6F82-8B36-4E31-8EE3-C76AF054FE27}.Debug|Any CPU.ActiveCfg = Debug|Any CPU
		{0A4B6F82-8B36-4E31-8EE3-C76AF054FE27}.Debug|Any CPU.Build.0 = Debug|Any CPU
		{0A4B6F82-8B36-4E31-8EE3-C76AF054FE27}.Release|Any CPU.ActiveCfg = Release|Any CPU
		{0A4B6F82-8B36-4E31-8EE3-C76AF054FE27}.Release|Any CPU.Build.0 = Release|Any CPU
	EndGlobalSection
	GlobalSection(SolutionProperties) = preSolution
		HideSolutionNode = FALSE
	EndGlobalSection
	GlobalSection(ExtensibilityGlobals) = postSolution
		SolutionGuid = {6AB3C573-3E3A-4974-B65D-FBE3A6AB9777}
	EndGlobalSection
EndGlobal
