
Microsoft Visual Studio Solution File, Format Version 12.00
# Visual Studio Version 16
VisualStudioVersion = 16.0.29424.173
MinimumVisualStudioVersion = 10.0.40219.1
Project("{FAE04EC0-301F-11D3-BF4B-00C04F79EFBC}") = "WindowsFormsApp1", "WindowsFormsApp1\WindowsFormsApp1.csproj", "{FDD5B9ED-6134-4835-BB7F-389207C3CC18}"
EndProject
Global
	GlobalSection(SolutionConfigurationPlatforms) = preSolution
		Debug|Any CPU = Debug|Any CPU
		Release|Any CPU = Release|Any CPU
	EndGlobalSection
	GlobalSection(ProjectConfigurationPlatforms) = postSolution
		{FDD5B9ED-6134-4835-BB7F-389207C3CC18}.Debug|Any CPU.ActiveCfg = Debug|Any CPU
		{FDD5B9ED-6134-4835-BB7F-389207C3CC18}.Debug|Any CPU.Build.0 = Debug|Any CPU
		{FDD5B9ED-6134-4835-BB7F-389207C3CC18}.Release|Any CPU.ActiveCfg = Release|Any CPU
		{FDD5B9ED-6134-4835-BB7F-389207C3CC18}.Release|Any CPU.Build.0 = Release|Any CPU
	EndGlobalSection
	GlobalSection(SolutionProperties) = preSolution
		HideSolutionNode = FALSE
	EndGlobalSection
	GlobalSection(ExtensibilityGlobals) = postSolution
		SolutionGuid = {029683DB-3657-4345-81B8-3845F464887A}
	EndGlobalSection
EndGlobal
